
Microsoft Visual Studio Solution File, Format Version 12.00
# Visual Studio Version 17
VisualStudioVersion = 17.0.31903.59
MinimumVisualStudioVersion = 10.0.40219.1
Project("{FAE04EC0-301F-11D3-BF4B-00C04F79EFBC}") = "FinanceAPI", "FinanceAPI.csproj", "{40ED83CC-441B-4D67-97AF-F00594A27914}"
EndProject
Project("{FAE04EC0-301F-11D3-BF4B-00C04F79EFBC}") = "Finance.Tests", "Finance.Tests\Finance.Tests.csproj", "{7084D7F9-3599-493C-A122-06D74B0743D3}"
EndProject
Global
	GlobalSection(SolutionConfigurationPlatforms) = preSolution
		Debug|Any CPU = Debug|Any CPU
		Release|Any CPU = Release|Any CPU
	EndGlobalSection
	GlobalSection(SolutionProperties) = preSolution
		HideSolutionNode = FALSE
	EndGlobalSection
	GlobalSection(ProjectConfigurationPlatforms) = postSolution
		{40ED83CC-441B-4D67-97AF-F00594A27914}.Debug|Any CPU.ActiveCfg = Debug|Any CPU
		{40ED83CC-441B-4D67-97AF-F00594A27914}.Debug|Any CPU.Build.0 = Debug|Any CPU
		{40ED83CC-441B-4D67-97AF-F00594A27914}.Release|Any CPU.ActiveCfg = Release|Any CPU
		{40ED83CC-441B-4D67-97AF-F00594A27914}.Release|Any CPU.Build.0 = Release|Any CPU
		{7084D7F9-3599-493C-A122-06D74B0743D3}.Debug|Any CPU.ActiveCfg = Debug|Any CPU
		{7084D7F9-3599-493C-A122-06D74B0743D3}.Debug|Any CPU.Build.0 = Debug|Any CPU
		{7084D7F9-3599-493C-A122-06D74B0743D3}.Release|Any CPU.ActiveCfg = Release|Any CPU
		{7084D7F9-3599-493C-A122-06D74B0743D3}.Release|Any CPU.Build.0 = Release|Any CPU
	EndGlobalSection
EndGlobal
